
Microsoft Visual Studio Solution File, Format Version 12.00
# Visual Studio Version 17
VisualStudioVersion = 17.4.33213.308
MinimumVisualStudioVersion = 10.0.40219.1
Project("{8BC9CEB8-8B4A-11D0-8D11-00A0C91BC942}") = "GCD and LCM", "GCD and LCM\GCD and LCM.vcxproj", "{C1DC54D5-E04B-4755-B652-F057AB036794}"
EndProject
Global
	GlobalSection(SolutionConfigurationPlatforms) = preSolution
		Debug|x64 = Debug|x64
		Debug|x86 = Debug|x86
		Release|x64 = Release|x64
		Release|x86 = Release|x86
	EndGlobalSection
	GlobalSection(ProjectConfigurationPlatforms) = postSolution
		{C1DC54D5-E04B-4755-B652-F057AB036794}.Debug|x64.ActiveCfg = Debug|x64
		{C1DC54D5-E04B-4755-B652-F057AB036794}.Debug|x64.Build.0 = Debug|x64
		{C1DC54D5-E04B-4755-B652-F057AB036794}.Debug|x86.ActiveCfg = Debug|Win32
		{C1DC54D5-E04B-4755-B652-F057AB036794}.Debug|x86.Build.0 = Debug|Win32
		{C1DC54D5-E04B-4755-B652-F057AB036794}.Release|x64.ActiveCfg = Release|x64
		{C1DC54D5-E04B-4755-B652-F057AB036794}.Release|x64.Build.0 = Release|x64
		{C1DC54D5-E04B-4755-B652-F057AB036794}.Release|x86.ActiveCfg = Release|Win32
		{C1DC54D5-E04B-4755-B652-F057AB036794}.Release|x86.Build.0 = Release|Win32
	EndGlobalSection
	GlobalSection(SolutionProperties) = preSolution
		HideSolutionNode = FALSE
	EndGlobalSection
	GlobalSection(ExtensibilityGlobals) = postSolution
		SolutionGuid = {17CAEB11-1751-42F1-ADC3-D4DBDAD11261}
	EndGlobalSection
EndGlobal
